
Microsoft Visual Studio Solution File, Format Version 12.00
# Visual Studio Version 17
VisualStudioVersion = 17.0.32014.148
MinimumVisualStudioVersion = 10.0.40219.1
Project("{9A19103F-16F7-4668-BE54-9A1E7A4F7556}") = "FileFormatConverter.Core", "FileFormatConverter.Core\FileFormatConverter.Core.csproj", "{B8C25E86-4D68-4CDC-8CCF-4E5EE1292684}"
EndProject
Project("{9A19103F-16F7-4668-BE54-9A1E7A4F7556}") = "FileFormatConverter.Cli", "FileFormatConverter.Cli\FileFormatConverter.Cli.csproj", "{6FF0BCC6-FA73-49DF-8E00-E4D6D7873647}"
EndProject
Global
	GlobalSection(SolutionConfigurationPlatforms) = preSolution
		Debug|Any CPU = Debug|Any CPU
		Release|Any CPU = Release|Any CPU
	EndGlobalSection
	GlobalSection(ProjectConfigurationPlatforms) = postSolution
		{B8C25E86-4D68-4CDC-8CCF-4E5EE1292684}.Debug|Any CPU.ActiveCfg = Debug|Any CPU
		{B8C25E86-4D68-4CDC-8CCF-4E5EE1292684}.Debug|Any CPU.Build.0 = Debug|Any CPU
		{B8C25E86-4D68-4CDC-8CCF-4E5EE1292684}.Release|Any CPU.ActiveCfg = Release|Any CPU
		{B8C25E86-4D68-4CDC-8CCF-4E5EE1292684}.Release|Any CPU.Build.0 = Release|Any CPU
		{6FF0BCC6-FA73-49DF-8E00-E4D6D7873647}.Debug|Any CPU.ActiveCfg = Debug|Any CPU
		{6FF0BCC6-FA73-49DF-8E00-E4D6D7873647}.Debug|Any CPU.Build.0 = Debug|Any CPU
		{6FF0BCC6-FA73-49DF-8E00-E4D6D7873647}.Release|Any CPU.ActiveCfg = Release|Any CPU
		{6FF0BCC6-FA73-49DF-8E00-E4D6D7873647}.Release|Any CPU.Build.0 = Release|Any CPU
	EndGlobalSection
	GlobalSection(SolutionProperties) = preSolution
		HideSolutionNode = FALSE
	EndGlobalSection
	GlobalSection(ExtensibilityGlobals) = postSolution
		SolutionGuid = {1AE35217-0E2D-4DD9-95BD-A870B89A076B}
	EndGlobalSection
EndGlobal
