
Microsoft Visual Studio Solution File, Format Version 12.00
# Visual Studio Version 16
VisualStudioVersion = 16.0.30413.136
MinimumVisualStudioVersion = 10.0.40219.1
Project("{9A19103F-16F7-4668-BE54-9A1E7A4F7556}") = "LuisModelEvaluation", "LuisModelEvaluation\LuisModelEvaluation.csproj", "{529C7B2D-EB46-4539-B66B-86ED3119ECBC}"
EndProject
Project("{FAE04EC0-301F-11D3-BF4B-00C04F79EFBC}") = "LuisModelEvaluation.Tests", "LuisModelEvaluation.Tests\LuisModelEvaluation.Tests.csproj", "{E1FC4E4C-3127-433D-9EBF-FC62CBC568D5}"
EndProject
Global
	GlobalSection(SolutionConfigurationPlatforms) = preSolution
		Debug|Any CPU = Debug|Any CPU
		Release|Any CPU = Release|Any CPU
	EndGlobalSection
	GlobalSection(ProjectConfigurationPlatforms) = postSolution
		{529C7B2D-EB46-4539-B66B-86ED3119ECBC}.Debug|Any CPU.ActiveCfg = Debug|Any CPU
		{529C7B2D-EB46-4539-B66B-86ED3119ECBC}.Debug|Any CPU.Build.0 = Debug|Any CPU
		{529C7B2D-EB46-4539-B66B-86ED3119ECBC}.Release|Any CPU.ActiveCfg = Release|Any CPU
		{529C7B2D-EB46-4539-B66B-86ED3119ECBC}.Release|Any CPU.Build.0 = Release|Any CPU
		{E1FC4E4C-3127-433D-9EBF-FC62CBC568D5}.Debug|Any CPU.ActiveCfg = Debug|Any CPU
		{E1FC4E4C-3127-433D-9EBF-FC62CBC568D5}.Debug|Any CPU.Build.0 = Debug|Any CPU
		{E1FC4E4C-3127-433D-9EBF-FC62CBC568D5}.Release|Any CPU.ActiveCfg = Release|Any CPU
		{E1FC4E4C-3127-433D-9EBF-FC62CBC568D5}.Release|Any CPU.Build.0 = Release|Any CPU
	EndGlobalSection
	GlobalSection(SolutionProperties) = preSolution
		HideSolutionNode = FALSE
	EndGlobalSection
	GlobalSection(ExtensibilityGlobals) = postSolution
		SolutionGuid = {8F40BBA8-F1E5-41D9-88E4-51522FEE3231}
	EndGlobalSection
EndGlobal
